
Microsoft Visual Studio Solution File, Format Version 12.00
# Visual Studio Version 16
VisualStudioVersion = 16.0.31105.61
MinimumVisualStudioVersion = 10.0.40219.1
Project("{FAE04EC0-301F-11D3-BF4B-00C04F79EFBC}") = "top2000", "top2000\top2000.csproj", "{3E8631DE-97C6-4DB4-B9F5-5BDCE3BD1BDF}"
EndProject
Global
	GlobalSection(SolutionConfigurationPlatforms) = preSolution
		Debug|Any CPU = Debug|Any CPU
		Release|Any CPU = Release|Any CPU
	EndGlobalSection
	GlobalSection(ProjectConfigurationPlatforms) = postSolution
		{3E8631DE-97C6-4DB4-B9F5-5BDCE3BD1BDF}.Debug|Any CPU.ActiveCfg = Debug|Any CPU
		{3E8631DE-97C6-4DB4-B9F5-5BDCE3BD1BDF}.Debug|Any CPU.Build.0 = Debug|Any CPU
		{3E8631DE-97C6-4DB4-B9F5-5BDCE3BD1BDF}.Release|Any CPU.ActiveCfg = Release|Any CPU
		{3E8631DE-97C6-4DB4-B9F5-5BDCE3BD1BDF}.Release|Any CPU.Build.0 = Release|Any CPU
	EndGlobalSection
	GlobalSection(SolutionProperties) = preSolution
		HideSolutionNode = FALSE
	EndGlobalSection
	GlobalSection(ExtensibilityGlobals) = postSolution
		SolutionGuid = {4AC9A79B-CB62-43EC-8FF0-A4AD94206509}
	EndGlobalSection
EndGlobal
